{
  "name": "bqds-entitlement-engine",
  "version": "0.0.1",
  "lockfileVersion": 1,
  "requires": true,
  "dependencies": {
    "@babel/runtime": {
      "version": "7.5.5",
      "resolved": "https://registry.npmjs.org/@babel/runtime/-/runtime-7.5.5.tgz",
      "integrity": "sha512-28QvEGyQyNkB0/m2B4FU7IEZGK2NUrcMtT6BZEFALTguLk+AUT6ofsHtPk5QyjAdUkpMJ+/Em+quwz4HOt30AQ==",
      "requires": {
        "regenerator-runtime": "^0.13.2"
      }
    },
    "@google-cloud/bigquery": {
      "version": "4.1.3",
      "resolved": "https://registry.npmjs.org/@google-cloud/bigquery/-/bigquery-4.1.3.tgz",
      "integrity": "sha512-xpLBnwod1FznAiufIHm4pSHki8veveUw6wUBBOrRFvc0LIOocdbT0undPWtPmifjrYjG1Nml9yZ6wLuUTz3HEQ==",
      "requires": {
        "@google-cloud/common": "^2.0.0",
        "@google-cloud/paginator": "^1.0.0",
        "@google-cloud/promisify": "^1.0.0",
        "arrify": "^2.0.1",
        "big.js": "^5.2.2",
        "duplexify": "^4.0.0",
        "extend": "^3.0.2",
        "is": "^3.3.0",
        "stream-events": "^1.0.5",
        "string-format-obj": "^1.1.1",
        "uuid": "^3.3.2"
      }
    },
    "@google-cloud/common": {
      "version": "2.0.1",
      "resolved": "https://registry.npmjs.org/@google-cloud/common/-/common-2.0.1.tgz",
      "integrity": "sha512-ZxIpo7C9LjdrM0G4FzvHd4WXs1bF7G+jRnVyDnBja6pfwJPuZE8qJ+1ftCor3AqFbN2I9Jk4vw4dkXWvSdxd0w==",
      "requires": {
        "@google-cloud/projectify": "^1.0.0",
        "@google-cloud/promisify": "^1.0.0",
        "@types/request": "^2.48.1",
        "arrify": "^2.0.0",
        "duplexify": "^3.6.0",
        "ent": "^2.2.0",
        "extend": "^3.0.2",
        "google-auth-library": "^4.0.0",
        "retry-request": "^4.0.0",
        "teeny-request": "^4.0.0"
      },
      "dependencies": {
        "duplexify": {
          "version": "3.7.1",
          "resolved": "https://registry.npmjs.org/duplexify/-/duplexify-3.7.1.tgz",
          "integrity": "sha512-07z8uv2wMyS51kKhD1KsdXJg5WQ6t93RneqRxUHnskXVtlYYkLqM0gqStQZ3pj073g687jPCHrqNfCzawLYh5g==",
          "requires": {
            "end-of-stream": "^1.0.0",
            "inherits": "^2.0.1",
            "readable-stream": "^2.0.0",
            "stream-shift": "^1.0.0"
          }
        }
      }
    },
    "@google-cloud/paginator": {
      "version": "1.0.1",
      "resolved": "https://registry.npmjs.org/@google-cloud/paginator/-/paginator-1.0.1.tgz",
      "integrity": "sha512-kvH8kotVskeBd5/ZpTbbbcV42i6WhjxBbWrw1JbQ6AXai6L2VuQNrq2IPStJ6TZNtdQV8+qsbom9jpDwKU4l6w==",
      "requires": {
        "arrify": "^2.0.0",
        "extend": "^3.0.1",
        "split-array-stream": "^2.0.0",
        "stream-events": "^1.0.4"
      }
    },
    "@google-cloud/projectify": {
      "version": "1.0.0",
      "resolved": "https://registry.npmjs.org/@google-cloud/projectify/-/projectify-1.0.0.tgz",
      "integrity": "sha512-Dr1E5bcCLNLYo/O3U6A/1+AiRwr6ZYVmNv2Rys04HWFN31J8RcNdKZWV8Wrtu8YmXWRKltsdDhiuQb1TvV0RGA=="
    },
    "@google-cloud/promisify": {
      "version": "1.0.1",
      "resolved": "https://registry.npmjs.org/@google-cloud/promisify/-/promisify-1.0.1.tgz",
      "integrity": "sha512-aUQIXHS5lcSsSeudDN9o/7i21h8JX4QQ9dmVzPKHdtIxHROsfWHlegi0R4mSenCONMfka1mJaElq8x+zcqq1ZQ=="
    },
    "@types/caseless": {
      "version": "0.12.2",
      "resolved": "https://registry.npmjs.org/@types/caseless/-/caseless-0.12.2.tgz",
      "integrity": "sha512-6ckxMjBBD8URvjB6J3NcnuAn5Pkl7t3TizAg+xdlzzQGSPSmBcXf8KoIH0ua/i+tio+ZRUHEXp0HEmvaR4kt0w=="
    },
    "@types/form-data": {
      "version": "2.2.1",
      "resolved": "https://registry.npmjs.org/@types/form-data/-/form-data-2.2.1.tgz",
      "integrity": "sha512-JAMFhOaHIciYVh8fb5/83nmuO/AHwmto+Hq7a9y8FzLDcC1KCU344XDOMEmahnrTFlHjgh4L0WJFczNIX2GxnQ==",
      "requires": {
        "@types/node": "*"
      }
    },
    "@types/node": {
      "version": "12.0.8",
      "resolved": "https://registry.npmjs.org/@types/node/-/node-12.0.8.tgz",
      "integrity": "sha512-b8bbUOTwzIY3V5vDTY1fIJ+ePKDUBqt2hC2woVGotdQQhG/2Sh62HOKHrT7ab+VerXAcPyAiTEipPu/FsreUtg=="
    },
    "@types/request": {
      "version": "2.48.1",
      "resolved": "https://registry.npmjs.org/@types/request/-/request-2.48.1.tgz",
      "integrity": "sha512-ZgEZ1TiD+KGA9LiAAPPJL68Id2UWfeSO62ijSXZjFJArVV+2pKcsVHmrcu+1oiE3q6eDGiFiSolRc4JHoerBBg==",
      "requires": {
        "@types/caseless": "*",
        "@types/form-data": "*",
        "@types/node": "*",
        "@types/tough-cookie": "*"
      }
    },
    "@types/tough-cookie": {
      "version": "2.3.5",
      "resolved": "https://registry.npmjs.org/@types/tough-cookie/-/tough-cookie-2.3.5.tgz",
      "integrity": "sha512-SCcK7mvGi3+ZNz833RRjFIxrn4gI1PPR3NtuIS+6vMkvmsGjosqTJwRt5bAEFLRz+wtJMWv8+uOnZf2hi2QXTg=="
    },
    "abort-controller": {
      "version": "3.0.0",
      "resolved": "https://registry.npmjs.org/abort-controller/-/abort-controller-3.0.0.tgz",
      "integrity": "sha512-h8lQ8tacZYnR3vNQTgibj+tODHI5/+l06Au2Pcriv/Gmet0eaj4TwWH41sO9wnHDiQsEj19q0drzdWdeAHtweg==",
      "requires": {
        "event-target-shim": "^5.0.0"
      }
    },
    "agent-base": {
      "version": "4.3.0",
      "resolved": "https://registry.npmjs.org/agent-base/-/agent-base-4.3.0.tgz",
      "integrity": "sha512-salcGninV0nPrwpGNn4VTXBb1SOuXQBiqbrNXoeizJsHrsL6ERFM2Ne3JUSBWRE6aeNJI2ROP/WEEIDUiDe3cg==",
      "requires": {
        "es6-promisify": "^5.0.0"
      }
    },
    "arrify": {
      "version": "2.0.1",
      "resolved": "https://registry.npmjs.org/arrify/-/arrify-2.0.1.tgz",
      "integrity": "sha512-3duEwti880xqi4eAMN8AyR4a0ByT90zoYdLlevfrvU43vb0YZwZVfxOgxWrLXXXpyugL0hNZc9G6BiB5B3nUug=="
    },
    "base64-js": {
      "version": "1.3.0",
      "resolved": "https://registry.npmjs.org/base64-js/-/base64-js-1.3.0.tgz",
      "integrity": "sha512-ccav/yGvoa80BQDljCxsmmQ3Xvx60/UpBIij5QN21W3wBi/hhIC9OoO+KLpu9IJTS9j4DRVJ3aDDF9cMSoa2lw=="
    },
    "big.js": {
      "version": "5.2.2",
      "resolved": "https://registry.npmjs.org/big.js/-/big.js-5.2.2.tgz",
      "integrity": "sha512-vyL2OymJxmarO8gxMr0mhChsO9QGwhynfuu4+MHTAW6czfq9humCB7rKpUjDd9YUiDPU4mzpyupFSvOClAwbmQ=="
    },
    "bignumber.js": {
      "version": "7.2.1",
      "resolved": "https://registry.npmjs.org/bignumber.js/-/bignumber.js-7.2.1.tgz",
      "integrity": "sha512-S4XzBk5sMB+Rcb/LNcpzXr57VRTxgAvaAEDAl1AwRx27j00hT84O6OkteE7u8UB3NuaaygCRrEpqox4uDOrbdQ=="
    },
    "bqdsEntitlements": {
      "version": "file:bqdsEntitlements",
      "requires": {
        "@google-cloud/bigquery": "^4.1.3",
        "jsonschema": "^1.2.4",
        "uuid": "^3.3.3",
        "yaml": "^1.6.0"
      },
      "dependencies": {
        "uuid": {
          "version": "3.3.3",
          "resolved": "https://registry.npmjs.org/uuid/-/uuid-3.3.3.tgz",
          "integrity": "sha512-pW0No1RGHgzlpHJO1nsVrHKpOEIxkGg1xB+v0ZmdNH5OAeAwzAVrCnI2/6Mtx+Uys6iaylxa+D3g4j63IKKjSQ=="
        }
      }
    },
    "buffer-equal-constant-time": {
      "version": "1.0.1",
      "resolved": "https://registry.npmjs.org/buffer-equal-constant-time/-/buffer-equal-constant-time-1.0.1.tgz",
      "integrity": "sha1-+OcRMvf/5uAaXJaXpMbz5I1cyBk="
    },
    "core-util-is": {
      "version": "1.0.2",
      "resolved": "https://registry.npmjs.org/core-util-is/-/core-util-is-1.0.2.tgz",
      "integrity": "sha1-tf1UIgqivFq1eqtxQMlAdUUDwac="
    },
    "debug": {
      "version": "3.2.6",
      "resolved": "https://registry.npmjs.org/debug/-/debug-3.2.6.tgz",
      "integrity": "sha512-mel+jf7nrtEl5Pn1Qx46zARXKDpBbvzezse7p7LqINmdoIk8PYP5SySaxEmYv6TZ0JyEKA1hsCId6DIhgITtWQ==",
      "requires": {
        "ms": "^2.1.1"
      }
    },
    "duplexify": {
      "version": "4.1.1",
      "resolved": "https://registry.npmjs.org/duplexify/-/duplexify-4.1.1.tgz",
      "integrity": "sha512-DY3xVEmVHTv1wSzKNbwoU6nVjzI369Y6sPoqfYr0/xlx3IdX2n94xIszTcjPO8W8ZIv0Wb0PXNcjuZyT4wiICA==",
      "requires": {
        "end-of-stream": "^1.4.1",
        "inherits": "^2.0.3",
        "readable-stream": "^3.1.1",
        "stream-shift": "^1.0.0"
      },
      "dependencies": {
        "readable-stream": {
          "version": "3.4.0",
          "resolved": "https://registry.npmjs.org/readable-stream/-/readable-stream-3.4.0.tgz",
          "integrity": "sha512-jItXPLmrSR8jmTRmRWJXCnGJsfy85mB3Wd/uINMXA65yrnFo0cPClFIUWzo2najVNSl+mx7/4W8ttlLWJe99pQ==",
          "requires": {
            "inherits": "^2.0.3",
            "string_decoder": "^1.1.1",
            "util-deprecate": "^1.0.1"
          }
        }
      }
    },
    "ecdsa-sig-formatter": {
      "version": "1.0.11",
      "resolved": "https://registry.npmjs.org/ecdsa-sig-formatter/-/ecdsa-sig-formatter-1.0.11.tgz",
      "integrity": "sha512-nagl3RYrbNv6kQkeJIpt6NJZy8twLB/2vtz6yN9Z4vRKHN4/QZJIEbqohALSgwKdnksuY3k5Addp5lg8sVoVcQ==",
      "requires": {
        "safe-buffer": "^5.0.1"
      }
    },
    "end-of-stream": {
      "version": "1.4.1",
      "resolved": "https://registry.npmjs.org/end-of-stream/-/end-of-stream-1.4.1.tgz",
      "integrity": "sha512-1MkrZNvWTKCaigbn+W15elq2BB/L22nqrSY5DKlo3X6+vclJm8Bb5djXJBmEX6fS3+zCh/F4VBK5Z2KxJt4s2Q==",
      "requires": {
        "once": "^1.4.0"
      }
    },
    "ent": {
      "version": "2.2.0",
      "resolved": "https://registry.npmjs.org/ent/-/ent-2.2.0.tgz",
      "integrity": "sha1-6WQhkyWiHQX0RGai9obtbOX13R0="
    },
    "es6-promise": {
      "version": "4.2.8",
      "resolved": "https://registry.npmjs.org/es6-promise/-/es6-promise-4.2.8.tgz",
      "integrity": "sha512-HJDGx5daxeIvxdBxvG2cb9g4tEvwIk3i8+nhX0yGrYmZUzbkdg8QbDevheDB8gd0//uPj4c1EQua8Q+MViT0/w=="
    },
    "es6-promisify": {
      "version": "5.0.0",
      "resolved": "https://registry.npmjs.org/es6-promisify/-/es6-promisify-5.0.0.tgz",
      "integrity": "sha1-UQnWLz5W6pZ8S2NQWu8IKRyKUgM=",
      "requires": {
        "es6-promise": "^4.0.3"
      }
    },
    "event-target-shim": {
      "version": "5.0.1",
      "resolved": "https://registry.npmjs.org/event-target-shim/-/event-target-shim-5.0.1.tgz",
      "integrity": "sha512-i/2XbnSz/uxRCU6+NdVJgKWDTM427+MqYbkQzD321DuCQJUqOuJKIA0IM2+W2xtYHdKOmZ4dR6fExsd4SXL+WQ=="
    },
    "extend": {
      "version": "3.0.2",
      "resolved": "https://registry.npmjs.org/extend/-/extend-3.0.2.tgz",
      "integrity": "sha512-fjquC59cD7CyW6urNXK0FBufkZcoiGG80wTuPujX590cB5Ttln20E2UB4S/WARVqhXffZl2LNgS+gQdPIIim/g=="
    },
    "fast-text-encoding": {
      "version": "1.0.0",
      "resolved": "https://registry.npmjs.org/fast-text-encoding/-/fast-text-encoding-1.0.0.tgz",
      "integrity": "sha512-R9bHCvweUxxwkDwhjav5vxpFvdPGlVngtqmx4pIZfSUhM/Q4NiIUHB456BAf+Q1Nwu3HEZYONtu+Rya+af4jiQ=="
    },
    "gaxios": {
      "version": "2.0.1",
      "resolved": "https://registry.npmjs.org/gaxios/-/gaxios-2.0.1.tgz",
      "integrity": "sha512-c1NXovTxkgRJTIgB2FrFmOFg4YIV6N/bAa4f/FZ4jIw13Ql9ya/82x69CswvotJhbV3DiGnlTZwoq2NVXk2Irg==",
      "requires": {
        "abort-controller": "^3.0.0",
        "extend": "^3.0.2",
        "https-proxy-agent": "^2.2.1",
        "node-fetch": "^2.3.0"
      }
    },
    "gcp-metadata": {
      "version": "2.0.0",
      "resolved": "https://registry.npmjs.org/gcp-metadata/-/gcp-metadata-2.0.0.tgz",
      "integrity": "sha512-BN6KUUWo6WLkDRst+Y7bqpXq1PYMrKUecNLRdZESp7oYtMjWcZdAM0UYvcip8wb0GXNO/j8Z8HTccK4iYtMvyQ==",
      "requires": {
        "gaxios": "^2.0.0",
        "json-bigint": "^0.3.0"
      }
    },
    "google-auth-library": {
      "version": "4.2.1",
      "resolved": "https://registry.npmjs.org/google-auth-library/-/google-auth-library-4.2.1.tgz",
      "integrity": "sha512-EPYsbVGekePmBwntDgT87e2jj46yyFZY5rYDvX3VjHGgJJ6yjKPdOnlXZVozUxJg5Hn35rY17rxWtthUzaKF1w==",
      "requires": {
        "arrify": "^2.0.0",
        "base64-js": "^1.3.0",
        "fast-text-encoding": "^1.0.0",
        "gaxios": "^2.0.0",
        "gcp-metadata": "^2.0.0",
        "gtoken": "^3.0.0",
        "jws": "^3.1.5",
        "lru-cache": "^5.0.0",
        "semver": "^6.0.0"
      }
    },
    "google-p12-pem": {
      "version": "2.0.0",
      "resolved": "https://registry.npmjs.org/google-p12-pem/-/google-p12-pem-2.0.0.tgz",
      "integrity": "sha512-n8eGSKzWOb9/EmSBIh81sPvsQM939QlpHMXahTZDzuRIpCu09x3Oaqz+mXGjL4TeCvSbcnOC0YZRvjkJ9s9lnA==",
      "requires": {
        "node-forge": "^0.8.0"
      }
    },
    "gtoken": {
      "version": "3.0.1",
      "resolved": "https://registry.npmjs.org/gtoken/-/gtoken-3.0.1.tgz",
      "integrity": "sha512-/bOZFfO6c+BC2IoOrvV+NKfEWQ1CCycrWG55Ix8ZfO/tTM0iGg9ojoQUWPbH5QS+vf+JoQYeTJ0zS+EDCP5M9w==",
      "requires": {
        "gaxios": "^2.0.0",
        "google-p12-pem": "^2.0.0",
        "jws": "^3.1.5",
        "mime": "^2.2.0"
      }
    },
    "https-proxy-agent": {
      "version": "2.2.1",
      "resolved": "https://registry.npmjs.org/https-proxy-agent/-/https-proxy-agent-2.2.1.tgz",
      "integrity": "sha512-HPCTS1LW51bcyMYbxUIOO4HEOlQ1/1qRaFWcyxvwaqUS9TY88aoEuHUY33kuAh1YhVVaDQhLZsnPd+XNARWZlQ==",
      "requires": {
        "agent-base": "^4.1.0",
        "debug": "^3.1.0"
      }
    },
    "inherits": {
      "version": "2.0.3",
      "resolved": "https://registry.npmjs.org/inherits/-/inherits-2.0.3.tgz",
      "integrity": "sha1-Yzwsg+PaQqUC9SRmAiSA9CCCYd4="
    },
    "is": {
      "version": "3.3.0",
      "resolved": "https://registry.npmjs.org/is/-/is-3.3.0.tgz",
      "integrity": "sha512-nW24QBoPcFGGHJGUwnfpI7Yc5CdqWNdsyHQszVE/z2pKHXzh7FZ5GWhJqSyaQ9wMkQnsTx+kAI8bHlCX4tKdbg=="
    },
    "is-stream-ended": {
      "version": "0.1.4",
      "resolved": "https://registry.npmjs.org/is-stream-ended/-/is-stream-ended-0.1.4.tgz",
      "integrity": "sha512-xj0XPvmr7bQFTvirqnFr50o0hQIh6ZItDqloxt5aJrR4NQsYeSsyFQERYGCAzfindAcnKjINnwEEgLx4IqVzQw=="
    },
    "isarray": {
      "version": "1.0.0",
      "resolved": "https://registry.npmjs.org/isarray/-/isarray-1.0.0.tgz",
      "integrity": "sha1-u5NdSFgsuhaMBoNJV6VKPgcSTxE="
    },
    "json-bigint": {
      "version": "0.3.0",
      "resolved": "https://registry.npmjs.org/json-bigint/-/json-bigint-0.3.0.tgz",
      "integrity": "sha1-DM2RLEuCcNBfBW+9E4FLU9OCWx4=",
      "requires": {
        "bignumber.js": "^7.0.0"
      }
    },
    "jsonschema": {
      "version": "1.2.4",
      "resolved": "https://registry.npmjs.org/jsonschema/-/jsonschema-1.2.4.tgz",
      "integrity": "sha512-lz1nOH69GbsVHeVgEdvyavc/33oymY1AZwtePMiMj4HZPMbP5OIKK3zT9INMWjwua/V4Z4yq7wSlBbSG+g4AEw=="
    },
    "jwa": {
      "version": "1.4.1",
      "resolved": "https://registry.npmjs.org/jwa/-/jwa-1.4.1.tgz",
      "integrity": "sha512-qiLX/xhEEFKUAJ6FiBMbes3w9ATzyk5W7Hvzpa/SLYdxNtng+gcurvrI7TbACjIXlsJyr05/S1oUhZrc63evQA==",
      "requires": {
        "buffer-equal-constant-time": "1.0.1",
        "ecdsa-sig-formatter": "1.0.11",
        "safe-buffer": "^5.0.1"
      }
    },
    "jws": {
      "version": "3.2.2",
      "resolved": "https://registry.npmjs.org/jws/-/jws-3.2.2.tgz",
      "integrity": "sha512-YHlZCB6lMTllWDtSPHz/ZXTsi8S00usEV6v1tjq8tOUZzw7DpSDWVXjXDre6ed1w/pd495ODpHZYSdkRTsa0HA==",
      "requires": {
        "jwa": "^1.4.1",
        "safe-buffer": "^5.0.1"
      }
    },
    "lru-cache": {
      "version": "5.1.1",
      "resolved": "https://registry.npmjs.org/lru-cache/-/lru-cache-5.1.1.tgz",
      "integrity": "sha512-KpNARQA3Iwv+jTA0utUVVbrh+Jlrr1Fv0e56GGzAFOXN7dk/FviaDW8LHmK52DlcH4WP2n6gI8vN1aesBFgo9w==",
      "requires": {
        "yallist": "^3.0.2"
      }
    },
    "mime": {
      "version": "2.4.4",
      "resolved": "https://registry.npmjs.org/mime/-/mime-2.4.4.tgz",
      "integrity": "sha512-LRxmNwziLPT828z+4YkNzloCFC2YM4wrB99k+AV5ZbEyfGNWfG8SO1FUXLmLDBSo89NrJZ4DIWeLjy1CHGhMGA=="
    },
    "minimist": {
      "version": "1.2.0",
      "resolved": "https://registry.npmjs.org/minimist/-/minimist-1.2.0.tgz",
      "integrity": "sha1-o1AIsg9BOD7sH7kU9M1d95omQoQ="
    },
    "ms": {
      "version": "2.1.2",
      "resolved": "https://registry.npmjs.org/ms/-/ms-2.1.2.tgz",
      "integrity": "sha512-sGkPx+VjMtmA6MX27oA4FBFELFCZZ4S4XqeGOXCv68tT+jb3vk/RyaKWP0PTKyWtmLSM0b+adUTEvbs1PEaH2w=="
    },
    "node-fetch": {
      "version": "2.6.0",
      "resolved": "https://registry.npmjs.org/node-fetch/-/node-fetch-2.6.0.tgz",
      "integrity": "sha512-8dG4H5ujfvFiqDmVu9fQ5bOHUC15JMjMY/Zumv26oOvvVJjM67KF8koCWIabKQ1GJIa9r2mMZscBq/TbdOcmNA=="
    },
    "node-forge": {
      "version": "0.8.4",
      "resolved": "https://registry.npmjs.org/node-forge/-/node-forge-0.8.4.tgz",
      "integrity": "sha512-UOfdpxivIYY4g5tqp5FNRNgROVNxRACUxxJREntJLFaJr1E0UEqFtUIk0F/jYx/E+Y6sVXd0KDi/m5My0yGCVw=="
    },
    "once": {
      "version": "1.4.0",
      "resolved": "https://registry.npmjs.org/once/-/once-1.4.0.tgz",
      "integrity": "sha1-WDsap3WWHUsROsF9nFC6753Xa9E=",
      "requires": {
        "wrappy": "1"
      }
    },
    "process-nextick-args": {
      "version": "2.0.0",
      "resolved": "https://registry.npmjs.org/process-nextick-args/-/process-nextick-args-2.0.0.tgz",
      "integrity": "sha512-MtEC1TqN0EU5nephaJ4rAtThHtC86dNN9qCuEhtshvpVBkAW5ZO7BASN9REnF9eoXGcRub+pFuKEpOHE+HbEMw=="
    },
    "readable-stream": {
      "version": "2.3.6",
      "resolved": "https://registry.npmjs.org/readable-stream/-/readable-stream-2.3.6.tgz",
      "integrity": "sha512-tQtKA9WIAhBF3+VLAseyMqZeBjW0AHJoxOtYqSUZNJxauErmLbVm2FW1y+J/YA9dUrAC39ITejlZWhVIwawkKw==",
      "requires": {
        "core-util-is": "~1.0.0",
        "inherits": "~2.0.3",
        "isarray": "~1.0.0",
        "process-nextick-args": "~2.0.0",
        "safe-buffer": "~5.1.1",
        "string_decoder": "~1.1.1",
        "util-deprecate": "~1.0.1"
      }
    },
    "regenerator-runtime": {
      "version": "0.13.3",
      "resolved": "https://registry.npmjs.org/regenerator-runtime/-/regenerator-runtime-0.13.3.tgz",
      "integrity": "sha512-naKIZz2GQ8JWh///G7L3X6LaQUAMp2lvb1rvwwsURe/VXwD6VMfr+/1NuNw3ag8v2kY1aQ/go5SNn79O9JU7yw=="
    },
    "retry-request": {
      "version": "4.0.0",
      "resolved": "https://registry.npmjs.org/retry-request/-/retry-request-4.0.0.tgz",
      "integrity": "sha512-S4HNLaWcMP6r8E4TMH52Y7/pM8uNayOcTDDQNBwsCccL1uI+Ol2TljxRDPzaNfbhOB30+XWP5NnZkB3LiJxi1w==",
      "requires": {
        "through2": "^2.0.0"
      }
    },
    "safe-buffer": {
      "version": "5.1.2",
      "resolved": "https://registry.npmjs.org/safe-buffer/-/safe-buffer-5.1.2.tgz",
      "integrity": "sha512-Gd2UZBJDkXlY7GbJxfsE8/nvKkUEU1G38c1siN6QP6a9PT9MmHB8GnpscSmMJSoF8LOIrt8ud/wPtojys4G6+g=="
    },
    "semver": {
      "version": "6.1.1",
      "resolved": "https://registry.npmjs.org/semver/-/semver-6.1.1.tgz",
      "integrity": "sha512-rWYq2e5iYW+fFe/oPPtYJxYgjBm8sC4rmoGdUOgBB7VnwKt6HrL793l2voH1UlsyYZpJ4g0wfjnTEO1s1NP2eQ=="
    },
    "split-array-stream": {
      "version": "2.0.0",
      "resolved": "https://registry.npmjs.org/split-array-stream/-/split-array-stream-2.0.0.tgz",
      "integrity": "sha512-hmMswlVY91WvGMxs0k8MRgq8zb2mSen4FmDNc5AFiTWtrBpdZN6nwD6kROVe4vNL+ywrvbCKsWVCnEd4riELIg==",
      "requires": {
        "is-stream-ended": "^0.1.4"
      }
    },
    "stream-events": {
      "version": "1.0.5",
      "resolved": "https://registry.npmjs.org/stream-events/-/stream-events-1.0.5.tgz",
      "integrity": "sha512-E1GUzBSgvct8Jsb3v2X15pjzN1tYebtbLaMg+eBOUOAxgbLoSbT2NS91ckc5lJD1KfLjId+jXJRgo0qnV5Nerg==",
      "requires": {
        "stubs": "^3.0.0"
      }
    },
    "stream-shift": {
      "version": "1.0.0",
      "resolved": "https://registry.npmjs.org/stream-shift/-/stream-shift-1.0.0.tgz",
      "integrity": "sha1-1cdSgl5TZ+eG944Y5EXqIjoVWVI="
    },
    "string-format-obj": {
      "version": "1.1.1",
      "resolved": "https://registry.npmjs.org/string-format-obj/-/string-format-obj-1.1.1.tgz",
      "integrity": "sha512-Mm+sROy+pHJmx0P/0Bs1uxIX6UhGJGj6xDGQZ5zh9v/SZRmLGevp+p0VJxV7lirrkAmQ2mvva/gHKpnF/pTb+Q=="
    },
    "string_decoder": {
      "version": "1.1.1",
      "resolved": "https://registry.npmjs.org/string_decoder/-/string_decoder-1.1.1.tgz",
      "integrity": "sha512-n/ShnvDi6FHbbVfviro+WojiFzv+s8MPMHBczVePfUpDJLwoLT0ht1l4YwBCbi8pJAveEEdnkHyPyTP/mzRfwg==",
      "requires": {
        "safe-buffer": "~5.1.0"
      }
    },
    "stubs": {
      "version": "3.0.0",
      "resolved": "https://registry.npmjs.org/stubs/-/stubs-3.0.0.tgz",
      "integrity": "sha1-6NK6H6nJBXAwPAMLaQD31fiavls="
    },
    "teeny-request": {
      "version": "4.0.0",
      "resolved": "https://registry.npmjs.org/teeny-request/-/teeny-request-4.0.0.tgz",
      "integrity": "sha512-Kk87eePsBQZsn5rOIwupObYV7doBMedW3fUOmu3LFVRGEJQ7oeClwWkGFS3nkFs9TFL36qf08vGJd34swMorHQ==",
      "requires": {
        "https-proxy-agent": "^2.2.1",
        "node-fetch": "^2.2.0",
        "uuid": "^3.3.2"
      }
    },
    "through2": {
      "version": "2.0.5",
      "resolved": "https://registry.npmjs.org/through2/-/through2-2.0.5.tgz",
      "integrity": "sha512-/mrRod8xqpA+IHSLyGCQ2s8SPHiCDEeQJSep1jqLYeEUClOFG2Qsh+4FU6G9VeqpZnGW/Su8LQGc4YKni5rYSQ==",
      "requires": {
        "readable-stream": "~2.3.6",
        "xtend": "~4.0.1"
      }
    },
    "util-deprecate": {
      "version": "1.0.2",
      "resolved": "https://registry.npmjs.org/util-deprecate/-/util-deprecate-1.0.2.tgz",
      "integrity": "sha1-RQ1Nyfpw3nMnYvvS1KKJgUGaDM8="
    },
    "uuid": {
      "version": "3.3.2",
      "resolved": "https://registry.npmjs.org/uuid/-/uuid-3.3.2.tgz",
      "integrity": "sha512-yXJmeNaw3DnnKAOKJE51sL/ZaYfWJRl1pK9dr19YFCu0ObS231AB1/LbqTKRAQ5kw8A90rA6fr4riOUpTZvQZA=="
    },
    "wrappy": {
      "version": "1.0.2",
      "resolved": "https://registry.npmjs.org/wrappy/-/wrappy-1.0.2.tgz",
      "integrity": "sha1-tSQ9jz7BqjXxNkYFvA0QNuMKtp8="
    },
    "xtend": {
      "version": "4.0.1",
      "resolved": "https://registry.npmjs.org/xtend/-/xtend-4.0.1.tgz",
      "integrity": "sha1-pcbVMr5lbiPbgg77lDofBJmNY68="
    },
    "yallist": {
      "version": "3.0.3",
      "resolved": "https://registry.npmjs.org/yallist/-/yallist-3.0.3.tgz",
      "integrity": "sha512-S+Zk8DEWE6oKpV+vI3qWkaK+jSbIK86pCwe2IF/xwIpQ8jEuxpw9NyaGjmp9+BoJv5FV2piqCDcoCtStppiq2A=="
    },
    "yaml": {
      "version": "1.6.0",
      "resolved": "https://registry.npmjs.org/yaml/-/yaml-1.6.0.tgz",
      "integrity": "sha512-iZfse3lwrJRoSlfs/9KQ9iIXxs9++RvBFVzAqbbBiFT+giYtyanevreF9r61ZTbGMgWQBxAua3FzJiniiJXWWw==",
      "requires": {
        "@babel/runtime": "^7.4.5"
      }
    }
  }
}
